
Microsoft Visual Studio Solution File, Format Version 12.00
# Visual Studio Version 17
VisualStudioVersion = 17.2.32602.215
MinimumVisualStudioVersion = 10.0.40219.1
Project("{FAE04EC0-301F-11D3-BF4B-00C04F79EFBC}") = "qly_NhanKhau", "qly_NhanKhau\qly_NhanKhau.csproj", "{C1F3E627-6EEA-4211-AB3A-C0DF601B5274}"
EndProject
Global
	GlobalSection(SolutionConfigurationPlatforms) = preSolution
		Debug|Any CPU = Debug|Any CPU
		Release|Any CPU = Release|Any CPU
	EndGlobalSection
	GlobalSection(ProjectConfigurationPlatforms) = postSolution
		{C1F3E627-6EEA-4211-AB3A-C0DF601B5274}.Debug|Any CPU.ActiveCfg = Debug|Any CPU
		{C1F3E627-6EEA-4211-AB3A-C0DF601B5274}.Debug|Any CPU.Build.0 = Debug|Any CPU
		{C1F3E627-6EEA-4211-AB3A-C0DF601B5274}.Release|Any CPU.ActiveCfg = Release|Any CPU
		{C1F3E627-6EEA-4211-AB3A-C0DF601B5274}.Release|Any CPU.Build.0 = Release|Any CPU
	EndGlobalSection
	GlobalSection(SolutionProperties) = preSolution
		HideSolutionNode = FALSE
	EndGlobalSection
	GlobalSection(ExtensibilityGlobals) = postSolution
		SolutionGuid = {C7FEE79E-A54F-4D5B-ACDF-9F2DE559A362}
	EndGlobalSection
EndGlobal
